
Microsoft Visual Studio Solution File, Format Version 12.00
# Visual Studio Version 17
VisualStudioVersion = 17.8.34316.72
MinimumVisualStudioVersion = 10.0.40219.1
Project("{FAE04EC0-301F-11D3-BF4B-00C04F79EFBC}") = "TesteGit", "TesteGit.csproj", "{082CF7FB-9906-45F8-9262-9226C9031E31}"
EndProject
Global
	GlobalSection(SolutionConfigurationPlatforms) = preSolution
		Debug|Any CPU = Debug|Any CPU
		Release|Any CPU = Release|Any CPU
	EndGlobalSection
	GlobalSection(ProjectConfigurationPlatforms) = postSolution
		{082CF7FB-9906-45F8-9262-9226C9031E31}.Debug|Any CPU.ActiveCfg = Debug|Any CPU
		{082CF7FB-9906-45F8-9262-9226C9031E31}.Debug|Any CPU.Build.0 = Debug|Any CPU
		{082CF7FB-9906-45F8-9262-9226C9031E31}.Release|Any CPU.ActiveCfg = Release|Any CPU
		{082CF7FB-9906-45F8-9262-9226C9031E31}.Release|Any CPU.Build.0 = Release|Any CPU
	EndGlobalSection
	GlobalSection(SolutionProperties) = preSolution
		HideSolutionNode = FALSE
	EndGlobalSection
	GlobalSection(ExtensibilityGlobals) = postSolution
		SolutionGuid = {64BCB988-918D-49AA-8443-C7DCE9B7AEB7}
	EndGlobalSection
EndGlobal
